
Microsoft Visual Studio Solution File, Format Version 12.00
# Visual Studio Version 16
VisualStudioVersion = 16.0.30225.117
MinimumVisualStudioVersion = 10.0.40219.1
Project("{FAE04EC0-301F-11D3-BF4B-00C04F79EFBC}") = "BetBid", "BetBid\BetBid.csproj", "{A0451325-971F-4F4A-9C1F-5F78194C69D7}"
EndProject
Global
	GlobalSection(SolutionConfigurationPlatforms) = preSolution
		Debug|Any CPU = Debug|Any CPU
		Release|Any CPU = Release|Any CPU
	EndGlobalSection
	GlobalSection(ProjectConfigurationPlatforms) = postSolution
		{A0451325-971F-4F4A-9C1F-5F78194C69D7}.Debug|Any CPU.ActiveCfg = Debug|Any CPU
		{A0451325-971F-4F4A-9C1F-5F78194C69D7}.Debug|Any CPU.Build.0 = Debug|Any CPU
		{A0451325-971F-4F4A-9C1F-5F78194C69D7}.Release|Any CPU.ActiveCfg = Release|Any CPU
		{A0451325-971F-4F4A-9C1F-5F78194C69D7}.Release|Any CPU.Build.0 = Release|Any CPU
	EndGlobalSection
	GlobalSection(SolutionProperties) = preSolution
		HideSolutionNode = FALSE
	EndGlobalSection
	GlobalSection(ExtensibilityGlobals) = postSolution
		SolutionGuid = {F4901677-308C-45B2-B9E6-77C1854191FF}
	EndGlobalSection
EndGlobal
